
Microsoft Visual Studio Solution File, Format Version 12.00
# Visual Studio Version 16
VisualStudioVersion = 16.0.31112.23
MinimumVisualStudioVersion = 10.0.40219.1
Project("{9A19103F-16F7-4668-BE54-9A1E7A4F7556}") = "TbsHost.Service", "TbsHost.Service\TbsHost.Service.csproj", "{9C868EDB-6B36-4061-ADE5-DE511599C4F9}"
EndProject
Project("{FAE04EC0-301F-11D3-BF4B-00C04F79EFBC}") = "TbsHost.Core", "TbsHost.Core\TbsHost.Core.csproj", "{24B6EDA2-8B02-4020-854F-268A6E609676}"
EndProject
Global
	GlobalSection(SolutionConfigurationPlatforms) = preSolution
		Debug|Any CPU = Debug|Any CPU
		Release|Any CPU = Release|Any CPU
	EndGlobalSection
	GlobalSection(ProjectConfigurationPlatforms) = postSolution
		{9C868EDB-6B36-4061-ADE5-DE511599C4F9}.Debug|Any CPU.ActiveCfg = Debug|Any CPU
		{9C868EDB-6B36-4061-ADE5-DE511599C4F9}.Debug|Any CPU.Build.0 = Debug|Any CPU
		{9C868EDB-6B36-4061-ADE5-DE511599C4F9}.Release|Any CPU.ActiveCfg = Release|Any CPU
		{9C868EDB-6B36-4061-ADE5-DE511599C4F9}.Release|Any CPU.Build.0 = Release|Any CPU
		{24B6EDA2-8B02-4020-854F-268A6E609676}.Debug|Any CPU.ActiveCfg = Debug|Any CPU
		{24B6EDA2-8B02-4020-854F-268A6E609676}.Debug|Any CPU.Build.0 = Debug|Any CPU
		{24B6EDA2-8B02-4020-854F-268A6E609676}.Release|Any CPU.ActiveCfg = Release|Any CPU
		{24B6EDA2-8B02-4020-854F-268A6E609676}.Release|Any CPU.Build.0 = Release|Any CPU
	EndGlobalSection
	GlobalSection(SolutionProperties) = preSolution
		HideSolutionNode = FALSE
	EndGlobalSection
	GlobalSection(ExtensibilityGlobals) = postSolution
		SolutionGuid = {9A94BE1B-D186-4DA6-BF2B-E8A0B91C057B}
	EndGlobalSection
EndGlobal
